
Microsoft Visual Studio Solution File, Format Version 12.00
# Visual Studio Version 17
VisualStudioVersion = 17.2.32408.312
MinimumVisualStudioVersion = 10.0.40219.1
Project("{8BC9CEB8-8B4A-11D0-8D11-00A0C91BC942}") = "IFS", "IFS\IFS.vcxproj", "{BF55545F-0107-4D82-A56E-03DF46320BCA}"
EndProject
Global
	GlobalSection(SolutionConfigurationPlatforms) = preSolution
		Debug|x64 = Debug|x64
		Debug|x86 = Debug|x86
		Release|x64 = Release|x64
		Release|x86 = Release|x86
	EndGlobalSection
	GlobalSection(ProjectConfigurationPlatforms) = postSolution
		{BF55545F-0107-4D82-A56E-03DF46320BCA}.Debug|x64.ActiveCfg = Debug|x64
		{BF55545F-0107-4D82-A56E-03DF46320BCA}.Debug|x64.Build.0 = Debug|x64
		{BF55545F-0107-4D82-A56E-03DF46320BCA}.Debug|x86.ActiveCfg = Debug|Win32
		{BF55545F-0107-4D82-A56E-03DF46320BCA}.Debug|x86.Build.0 = Debug|Win32
		{BF55545F-0107-4D82-A56E-03DF46320BCA}.Release|x64.ActiveCfg = Release|x64
		{BF55545F-0107-4D82-A56E-03DF46320BCA}.Release|x64.Build.0 = Release|x64
		{BF55545F-0107-4D82-A56E-03DF46320BCA}.Release|x86.ActiveCfg = Release|Win32
		{BF55545F-0107-4D82-A56E-03DF46320BCA}.Release|x86.Build.0 = Release|Win32
	EndGlobalSection
	GlobalSection(SolutionProperties) = preSolution
		HideSolutionNode = FALSE
	EndGlobalSection
	GlobalSection(ExtensibilityGlobals) = postSolution
		SolutionGuid = {87A3CE72-6C97-4596-8CB1-A732FAC2FFD1}
	EndGlobalSection
EndGlobal
